// !$*UTF8*$!
{
	archiveVersion = 1;
	classes = {
	};
	objectVersion = 56;
	objects = {

/* Begin PBXBuildFile section */
		6430E5492B2E3BB30022ABFB /* AppDelegate.swift in Sources */ = {isa = PBXBuildFile; fileRef = 6430E5482B2E3BB30022ABFB /* AppDelegate.swift */; };
		6430E54B2B2E3BB30022ABFB /* SceneDelegate.swift in Sources */ = {isa = PBXBuildFile; fileRef = 6430E54A2B2E3BB30022ABFB /* SceneDelegate.swift */; };
		6430E54D2B2E3BB30022ABFB /* MainTabbarViewController.swift in Sources */ = {isa = PBXBuildFile; fileRef = 6430E54C2B2E3BB30022ABFB /* MainTabbarViewController.swift */; };
		6430E5522B2E3BB40022ABFB /* Assets.xcassets in Resources */ = {isa = PBXBuildFile; fileRef = 6430E5512B2E3BB40022ABFB /* Assets.xcassets */; };
		6430E5552B2E3BB40022ABFB /* LaunchScreen.storyboard in Resources */ = {isa = PBXBuildFile; fileRef = 6430E5532B2E3BB40022ABFB /* LaunchScreen.storyboard */; };
		6430E55E2B2E3D080022ABFB /* HomeViewController.swift in Sources */ = {isa = PBXBuildFile; fileRef = 6430E55D2B2E3D080022ABFB /* HomeViewController.swift */; };
		6430E5602B2E3D2C0022ABFB /* UpCommingViewController.swift in Sources */ = {isa = PBXBuildFile; fileRef = 6430E55F2B2E3D2C0022ABFB /* UpCommingViewController.swift */; };
		6430E5622B2E3D460022ABFB /* SearchViewController.swift in Sources */ = {isa = PBXBuildFile; fileRef = 6430E5612B2E3D460022ABFB /* SearchViewController.swift */; };
		6430E5642B2E3D630022ABFB /* DownloadsViewController.swift in Sources */ = {isa = PBXBuildFile; fileRef = 6430E5632B2E3D630022ABFB /* DownloadsViewController.swift */; };
		6430E56B2B2E45900022ABFB /* CollectionViewTableViewCell.swift in Sources */ = {isa = PBXBuildFile; fileRef = 6430E56A2B2E45900022ABFB /* CollectionViewTableViewCell.swift */; };
		643BE9882B36342200B536AA /* HeroHeaderUIView.swift in Sources */ = {isa = PBXBuildFile; fileRef = 643BE9872B36342200B536AA /* HeroHeaderUIView.swift */; };
		643BE98A2B38150B00B536AA /* Extensions.swift in Sources */ = {isa = PBXBuildFile; fileRef = 643BE9892B38150B00B536AA /* Extensions.swift */; };
		643BE98C2B3815AF00B536AA /* APICaller.swift in Sources */ = {isa = PBXBuildFile; fileRef = 643BE98B2B3815AF00B536AA /* APICaller.swift */; };
		643BE98E2B381CBF00B536AA /* Title.swift in Sources */ = {isa = PBXBuildFile; fileRef = 643BE98D2B381CBF00B536AA /* Title.swift */; };
		64A9AB542B3FFB2E00E5A597 /* SDWebImage in Frameworks */ = {isa = PBXBuildFile; productRef = 64A9AB532B3FFB2E00E5A597 /* SDWebImage */; };
		64A9AB562B3FFB9600E5A597 /* TitleCollectionViewCell.swift in Sources */ = {isa = PBXBuildFile; fileRef = 64A9AB552B3FFB9600E5A597 /* TitleCollectionViewCell.swift */; };
/* End PBXBuildFile section */

/* Begin PBXFileReference section */
		6430E5452B2E3BB30022ABFB /* Netflix Clone.app */ = {isa = PBXFileReference; explicitFileType = wrapper.application; includeInIndex = 0; path = "Netflix Clone.app"; sourceTree = BUILT_PRODUCTS_DIR; };
		6430E5482B2E3BB30022ABFB /* AppDelegate.swift */ = {isa = PBXFileReference; lastKnownFileType = sourcecode.swift; path = AppDelegate.swift; sourceTree = "<group>"; };
		6430E54A2B2E3BB30022ABFB /* SceneDelegate.swift */ = {isa = PBXFileReference; lastKnownFileType = sourcecode.swift; path = SceneDelegate.swift; sourceTree = "<group>"; };
		6430E54C2B2E3BB30022ABFB /* MainTabbarViewController.swift */ = {isa = PBXFileReference; lastKnownFileType = sourcecode.swift; path = MainTabbarViewController.swift; sourceTree = "<group>"; };
		6430E5512B2E3BB40022ABFB /* Assets.xcassets */ = {isa = PBXFileReference; lastKnownFileType = folder.assetcatalog; path = Assets.xcassets; sourceTree = "<group>"; };
		6430E5542B2E3BB40022ABFB /* Base */ = {isa = PBXFileReference; lastKnownFileType = file.storyboard; name = Base; path = Base.lproj/LaunchScreen.storyboard; sourceTree = "<group>"; };
		6430E5562B2E3BB40022ABFB /* Info.plist */ = {isa = PBXFileReference; lastKnownFileType = text.plist.xml; path = Info.plist; sourceTree = "<group>"; };
		6430E55D2B2E3D080022ABFB /* HomeViewController.swift */ = {isa = PBXFileReference; lastKnownFileType = sourcecode.swift; path = HomeViewController.swift; sourceTree = "<group>"; };
		6430E55F2B2E3D2C0022ABFB /* UpCommingViewController.swift */ = {isa = PBXFileReference; lastKnownFileType = sourcecode.swift; path = UpCommingViewController.swift; sourceTree = "<group>"; };
		6430E5612B2E3D460022ABFB /* SearchViewController.swift */ = {isa = PBXFileReference; lastKnownFileType = sourcecode.swift; path = SearchViewController.swift; sourceTree = "<group>"; };
		6430E5632B2E3D630022ABFB /* DownloadsViewController.swift */ = {isa = PBXFileReference; lastKnownFileType = sourcecode.swift; path = DownloadsViewController.swift; sourceTree = "<group>"; };
		6430E56A2B2E45900022ABFB /* CollectionViewTableViewCell.swift */ = {isa = PBXFileReference; lastKnownFileType = sourcecode.swift; path = CollectionViewTableViewCell.swift; sourceTree = "<group>"; };
		643BE9872B36342200B536AA /* HeroHeaderUIView.swift */ = {isa = PBXFileReference; lastKnownFileType = sourcecode.swift; path = HeroHeaderUIView.swift; sourceTree = "<group>"; };
		643BE9892B38150B00B536AA /* Extensions.swift */ = {isa = PBXFileReference; lastKnownFileType = sourcecode.swift; path = Extensions.swift; sourceTree = "<group>"; };
		643BE98B2B3815AF00B536AA /* APICaller.swift */ = {isa = PBXFileReference; lastKnownFileType = sourcecode.swift; path = APICaller.swift; sourceTree = "<group>"; };
		643BE98D2B381CBF00B536AA /* Title.swift */ = {isa = PBXFileReference; lastKnownFileType = sourcecode.swift; path = Title.swift; sourceTree = "<group>"; };
		64A9AB552B3FFB9600E5A597 /* TitleCollectionViewCell.swift */ = {isa = PBXFileReference; lastKnownFileType = sourcecode.swift; path = TitleCollectionViewCell.swift; sourceTree = "<group>"; };
/* End PBXFileReference section */

/* Begin PBXFrameworksBuildPhase section */
		6430E5422B2E3BB30022ABFB /* Frameworks */ = {
			isa = PBXFrameworksBuildPhase;
			buildActionMask = 2147483647;
			files = (
				64A9AB542B3FFB2E00E5A597 /* SDWebImage in Frameworks */,
			);
			runOnlyForDeploymentPostprocessing = 0;
		};
/* End PBXFrameworksBuildPhase section */

/* Begin PBXGroup section */
		6430E53C2B2E3BB30022ABFB = {
			isa = PBXGroup;
			children = (
				6430E5472B2E3BB30022ABFB /* Netflix Clone */,
				6430E5462B2E3BB30022ABFB /* Products */,
			);
			sourceTree = "<group>";
		};
		6430E5462B2E3BB30022ABFB /* Products */ = {
			isa = PBXGroup;
			children = (
				6430E5452B2E3BB30022ABFB /* Netflix Clone.app */,
			);
			name = Products;
			sourceTree = "<group>";
		};
		6430E5472B2E3BB30022ABFB /* Netflix Clone */ = {
			isa = PBXGroup;
			children = (
				6430E5692B2E456B0022ABFB /* Managers */,
				6430E5682B2E45640022ABFB /* Resources */,
				6430E5672B2E45450022ABFB /* Models */,
				6430E5652B2E452F0022ABFB /* Views */,
				6430E5662B2E453F0022ABFB /* ViewModels */,
				6430E55C2B2E3CD90022ABFB /* Controllers */,
				6430E5482B2E3BB30022ABFB /* AppDelegate.swift */,
				6430E54A2B2E3BB30022ABFB /* SceneDelegate.swift */,
				6430E54C2B2E3BB30022ABFB /* MainTabbarViewController.swift */,
				6430E5512B2E3BB40022ABFB /* Assets.xcassets */,
				6430E5532B2E3BB40022ABFB /* LaunchScreen.storyboard */,
				6430E5562B2E3BB40022ABFB /* Info.plist */,
			);
			path = "Netflix Clone";
			sourceTree = "<group>";
		};
		6430E55C2B2E3CD90022ABFB /* Controllers */ = {
			isa = PBXGroup;
			children = (
				6430E55D2B2E3D080022ABFB /* HomeViewController.swift */,
				6430E55F2B2E3D2C0022ABFB /* UpCommingViewController.swift */,
				6430E5612B2E3D460022ABFB /* SearchViewController.swift */,
				6430E5632B2E3D630022ABFB /* DownloadsViewController.swift */,
			);
			path = Controllers;
			sourceTree = "<group>";
		};
		6430E5652B2E452F0022ABFB /* Views */ = {
			isa = PBXGroup;
			children = (
				6430E56A2B2E45900022ABFB /* CollectionViewTableViewCell.swift */,
				643BE9872B36342200B536AA /* HeroHeaderUIView.swift */,
				64A9AB552B3FFB9600E5A597 /* TitleCollectionViewCell.swift */,
			);
			path = Views;
			sourceTree = "<group>";
		};
		6430E5662B2E453F0022ABFB /* ViewModels */ = {
			isa = PBXGroup;
			children = (
			);
			path = ViewModels;
			sourceTree = "<group>";
		};
		6430E5672B2E45450022ABFB /* Models */ = {
			isa = PBXGroup;
			children = (
				643BE98D2B381CBF00B536AA /* Title.swift */,
			);
			path = Models;
			sourceTree = "<group>";
		};
		6430E5682B2E45640022ABFB /* Resources */ = {
			isa = PBXGroup;
			children = (
				643BE9892B38150B00B536AA /* Extensions.swift */,
			);
			path = Resources;
			sourceTree = "<group>";
		};
		6430E5692B2E456B0022ABFB /* Managers */ = {
			isa = PBXGroup;
			children = (
				643BE98B2B3815AF00B536AA /* APICaller.swift */,
			);
			path = Managers;
			sourceTree = "<group>";
		};
/* End PBXGroup section */

/* Begin PBXNativeTarget section */
		6430E5442B2E3BB30022ABFB /* Netflix Clone */ = {
			isa = PBXNativeTarget;
			buildConfigurationList = 6430E5592B2E3BB40022ABFB /* Build configuration list for PBXNativeTarget "Netflix Clone" */;
			buildPhases = (
				6430E5412B2E3BB30022ABFB /* Sources */,
				6430E5422B2E3BB30022ABFB /* Frameworks */,
				6430E5432B2E3BB30022ABFB /* Resources */,
			);
			buildRules = (
			);
			dependencies = (
			);
			name = "Netflix Clone";
			packageProductDependencies = (
				64A9AB532B3FFB2E00E5A597 /* SDWebImage */,
			);
			productName = "Netflix Clone";
			productReference = 6430E5452B2E3BB30022ABFB /* Netflix Clone.app */;
			productType = "com.apple.product-type.application";
		};
/* End PBXNativeTarget section */

/* Begin PBXProject section */
		6430E53D2B2E3BB30022ABFB /* Project object */ = {
			isa = PBXProject;
			attributes = {
				BuildIndependentTargetsInParallel = 1;
				LastSwiftUpdateCheck = 1410;
				LastUpgradeCheck = 1410;
				TargetAttributes = {
					6430E5442B2E3BB30022ABFB = {
						CreatedOnToolsVersion = 14.1;
					};
				};
			};
			buildConfigurationList = 6430E5402B2E3BB30022ABFB /* Build configuration list for PBXProject "Netflix Clone" */;
			compatibilityVersion = "Xcode 14.0";
			developmentRegion = en;
			hasScannedForEncodings = 0;
			knownRegions = (
				en,
				Base,
			);
			mainGroup = 6430E53C2B2E3BB30022ABFB;
			packageReferences = (
				64A9AB522B3FFB2E00E5A597 /* XCRemoteSwiftPackageReference "SDWebImage" */,
			);
			productRefGroup = 6430E5462B2E3BB30022ABFB /* Products */;
			projectDirPath = "";
			projectRoot = "";
			targets = (
				6430E5442B2E3BB30022ABFB /* Netflix Clone */,
			);
		};
/* End PBXProject section */

/* Begin PBXResourcesBuildPhase section */
		6430E5432B2E3BB30022ABFB /* Resources */ = {
			isa = PBXResourcesBuildPhase;
			buildActionMask = 2147483647;
			files = (
				6430E5552B2E3BB40022ABFB /* LaunchScreen.storyboard in Resources */,
				6430E5522B2E3BB40022ABFB /* Assets.xcassets in Resources */,
			);
			runOnlyForDeploymentPostprocessing = 0;
		};
/* End PBXResourcesBuildPhase section */

/* Begin PBXSourcesBuildPhase section */
		6430E5412B2E3BB30022ABFB /* Sources */ = {
			isa = PBXSourcesBuildPhase;
			buildActionMask = 2147483647;
			files = (
				6430E5622B2E3D460022ABFB /* SearchViewController.swift in Sources */,
				6430E54D2B2E3BB30022ABFB /* MainTabbarViewController.swift in Sources */,
				643BE98E2B381CBF00B536AA /* Title.swift in Sources */,
				6430E56B2B2E45900022ABFB /* CollectionViewTableViewCell.swift in Sources */,
				643BE9882B36342200B536AA /* HeroHeaderUIView.swift in Sources */,
				6430E5642B2E3D630022ABFB /* DownloadsViewController.swift in Sources */,
				643BE98A2B38150B00B536AA /* Extensions.swift in Sources */,
				64A9AB562B3FFB9600E5A597 /* TitleCollectionViewCell.swift in Sources */,
				6430E5602B2E3D2C0022ABFB /* UpCommingViewController.swift in Sources */,
				6430E5492B2E3BB30022ABFB /* AppDelegate.swift in Sources */,
				643BE98C2B3815AF00B536AA /* APICaller.swift in Sources */,
				6430E54B2B2E3BB30022ABFB /* SceneDelegate.swift in Sources */,
				6430E55E2B2E3D080022ABFB /* HomeViewController.swift in Sources */,
			);
			runOnlyForDeploymentPostprocessing = 0;
		};
/* End PBXSourcesBuildPhase section */

/* Begin PBXVariantGroup section */
		6430E5532B2E3BB40022ABFB /* LaunchScreen.storyboard */ = {
			isa = PBXVariantGroup;
			children = (
				6430E5542B2E3BB40022ABFB /* Base */,
			);
			name = LaunchScreen.storyboard;
			sourceTree = "<group>";
		};
/* End PBXVariantGroup section */

/* Begin XCBuildConfiguration section */
		6430E5572B2E3BB40022ABFB /* Debug */ = {
			isa = XCBuildConfiguration;
			buildSettings = {
				ALWAYS_SEARCH_USER_PATHS = NO;
				CLANG_ANALYZER_NONNULL = YES;
				CLANG_ANALYZER_NUMBER_OBJECT_CONVERSION = YES_AGGRESSIVE;
				CLANG_CXX_LANGUAGE_STANDARD = "gnu++20";
				CLANG_ENABLE_MODULES = YES;
				CLANG_ENABLE_OBJC_ARC = YES;
				CLANG_ENABLE_OBJC_WEAK = YES;
				CLANG_WARN_BLOCK_CAPTURE_AUTORELEASING = YES;
				CLANG_WARN_BOOL_CONVERSION = YES;
				CLANG_WARN_COMMA = YES;
				CLANG_WARN_CONSTANT_CONVERSION = YES;
				CLANG_WARN_DEPRECATED_OBJC_IMPLEMENTATIONS = YES;
				CLANG_WARN_DIRECT_OBJC_ISA_USAGE = YES_ERROR;
				CLANG_WARN_DOCUMENTATION_COMMENTS = YES;
				CLANG_WARN_EMPTY_BODY = YES;
				CLANG_WARN_ENUM_CONVERSION = YES;
				CLANG_WARN_INFINITE_RECURSION = YES;
				CLANG_WARN_INT_CONVERSION = YES;
				CLANG_WARN_NON_LITERAL_NULL_CONVERSION = YES;
				CLANG_WARN_OBJC_IMPLICIT_RETAIN_SELF = YES;
				CLANG_WARN_OBJC_LITERAL_CONVERSION = YES;
				CLANG_WARN_OBJC_ROOT_CLASS = YES_ERROR;
				CLANG_WARN_QUOTED_INCLUDE_IN_FRAMEWORK_HEADER = YES;
				CLANG_WARN_RANGE_LOOP_ANALYSIS = YES;
				CLANG_WARN_STRICT_PROTOTYPES = YES;
				CLANG_WARN_SUSPICIOUS_MOVE = YES;
				CLANG_WARN_UNGUARDED_AVAILABILITY = YES_AGGRESSIVE;
				CLANG_WARN_UNREACHABLE_CODE = YES;
				CLANG_WARN__DUPLICATE_METHOD_MATCH = YES;
				COPY_PHASE_STRIP = NO;
				DEBUG_INFORMATION_FORMAT = dwarf;
				ENABLE_STRICT_OBJC_MSGSEND = YES;
				ENABLE_TESTABILITY = YES;
				GCC_C_LANGUAGE_STANDARD = gnu11;
				GCC_DYNAMIC_NO_PIC = NO;
				GCC_NO_COMMON_BLOCKS = YES;
				GCC_OPTIMIZATION_LEVEL = 0;
				GCC_PREPROCESSOR_DEFINITIONS = (
					"DEBUG=1",
					"$(inherited)",
				);
				GCC_WARN_64_TO_32_BIT_CONVERSION = YES;
				GCC_WARN_ABOUT_RETURN_TYPE = YES_ERROR;
				GCC_WARN_UNDECLARED_SELECTOR = YES;
				GCC_WARN_UNINITIALIZED_AUTOS = YES_AGGRESSIVE;
				GCC_WARN_UNUSED_FUNCTION = YES;
				GCC_WARN_UNUSED_VARIABLE = YES;
				IPHONEOS_DEPLOYMENT_TARGET = 16.1;
				MTL_ENABLE_DEBUG_INFO = INCLUDE_SOURCE;
				MTL_FAST_MATH = YES;
				ONLY_ACTIVE_ARCH = YES;
				SDKROOT = iphoneos;
				SWIFT_ACTIVE_COMPILATION_CONDITIONS = DEBUG;
				SWIFT_OPTIMIZATION_LEVEL = "-Onone";
			};
			name = Debug;
		};
		6430E5582B2E3BB40022ABFB /* Release */ = {
			isa = XCBuildConfiguration;
			buildSettings = {
				ALWAYS_SEARCH_USER_PATHS = NO;
				CLANG_ANALYZER_NONNULL = YES;
				CLANG_ANALYZER_NUMBER_OBJECT_CONVERSION = YES_AGGRESSIVE;
				CLANG_CXX_LANGUAGE_STANDARD = "gnu++20";
				CLANG_ENABLE_MODULES = YES;
				CLANG_ENABLE_OBJC_ARC = YES;
				CLANG_ENABLE_OBJC_WEAK = YES;
				CLANG_WARN_BLOCK_CAPTURE_AUTORELEASING = YES;
				CLANG_WARN_BOOL_CONVERSION = YES;
				CLANG_WARN_COMMA = YES;
				CLANG_WARN_CONSTANT_CONVERSION = YES;
				CLANG_WARN_DEPRECATED_OBJC_IMPLEMENTATIONS = YES;
				CLANG_WARN_DIRECT_OBJC_ISA_USAGE = YES_ERROR;
				CLANG_WARN_DOCUMENTATION_COMMENTS = YES;
				CLANG_WARN_EMPTY_BODY = YES;
				CLANG_WARN_ENUM_CONVERSION = YES;
				CLANG_WARN_INFINITE_RECURSION = YES;
				CLANG_WARN_INT_CONVERSION = YES;
				CLANG_WARN_NON_LITERAL_NULL_CONVERSION = YES;
				CLANG_WARN_OBJC_IMPLICIT_RETAIN_SELF = YES;
				CLANG_WARN_OBJC_LITERAL_CONVERSION = YES;
				CLANG_WARN_OBJC_ROOT_CLASS = YES_ERROR;
				CLANG_WARN_QUOTED_INCLUDE_IN_FRAMEWORK_HEADER = YES;
				CLANG_WARN_RANGE_LOOP_ANALYSIS = YES;
				CLANG_WARN_STRICT_PROTOTYPES = YES;
				CLANG_WARN_SUSPICIOUS_MOVE = YES;
				CLANG_WARN_UNGUARDED_AVAILABILITY = YES_AGGRESSIVE;
				CLANG_WARN_UNREACHABLE_CODE = YES;
				CLANG_WARN__DUPLICATE_METHOD_MATCH = YES;
				COPY_PHASE_STRIP = NO;
				DEBUG_INFORMATION_FORMAT = "dwarf-with-dsym";
				ENABLE_NS_ASSERTIONS = NO;
				ENABLE_STRICT_OBJC_MSGSEND = YES;
				GCC_C_LANGUAGE_STANDARD = gnu11;
				GCC_NO_COMMON_BLOCKS = YES;
				GCC_WARN_64_TO_32_BIT_CONVERSION = YES;
				GCC_WARN_ABOUT_RETURN_TYPE = YES_ERROR;
				GCC_WARN_UNDECLARED_SELECTOR = YES;
				GCC_WARN_UNINITIALIZED_AUTOS = YES_AGGRESSIVE;
				GCC_WARN_UNUSED_FUNCTION = YES;
				GCC_WARN_UNUSED_VARIABLE = YES;
				IPHONEOS_DEPLOYMENT_TARGET = 16.1;
				MTL_ENABLE_DEBUG_INFO = NO;
				MTL_FAST_MATH = YES;
				SDKROOT = iphoneos;
				SWIFT_COMPILATION_MODE = wholemodule;
				SWIFT_OPTIMIZATION_LEVEL = "-O";
				VALIDATE_PRODUCT = YES;
			};
			name = Release;
		};
		6430E55A2B2E3BB40022ABFB /* Debug */ = {
			isa = XCBuildConfiguration;
			buildSettings = {
				ASSETCATALOG_COMPILER_APPICON_NAME = AppIcon;
				ASSETCATALOG_COMPILER_GLOBAL_ACCENT_COLOR_NAME = AccentColor;
				CODE_SIGN_STYLE = Automatic;
				CURRENT_PROJECT_VERSION = 1;
				DEVELOPMENT_TEAM = HJHD973MWB;
				GENERATE_INFOPLIST_FILE = YES;
				INFOPLIST_FILE = "Netflix Clone/Info.plist";
				INFOPLIST_KEY_UIApplicationSupportsIndirectInputEvents = YES;
				INFOPLIST_KEY_UILaunchStoryboardName = LaunchScreen;
				INFOPLIST_KEY_UISupportedInterfaceOrientations_iPad = "UIInterfaceOrientationPortrait UIInterfaceOrientationPortraitUpsideDown UIInterfaceOrientationLandscapeLeft UIInterfaceOrientationLandscapeRight";
				INFOPLIST_KEY_UISupportedInterfaceOrientations_iPhone = "UIInterfaceOrientationPortrait UIInterfaceOrientationLandscapeLeft UIInterfaceOrientationLandscapeRight";
				LD_RUNPATH_SEARCH_PATHS = (
					"$(inherited)",
					"@executable_path/Frameworks",
				);
				MARKETING_VERSION = 1.0;
				PRODUCT_BUNDLE_IDENTIFIER = "com.MehmetAliEr.Netflix-Clone";
				PRODUCT_NAME = "$(TARGET_NAME)";
				SWIFT_EMIT_LOC_STRINGS = YES;
				SWIFT_VERSION = 5.0;
				TARGETED_DEVICE_FAMILY = "1,2";
			};
			name = Debug;
		};
		6430E55B2B2E3BB40022ABFB /* Release */ = {
			isa = XCBuildConfiguration;
			buildSettings = {
				ASSETCATALOG_COMPILER_APPICON_NAME = AppIcon;
				ASSETCATALOG_COMPILER_GLOBAL_ACCENT_COLOR_NAME = AccentColor;
				CODE_SIGN_STYLE = Automatic;
				CURRENT_PROJECT_VERSION = 1;
				DEVELOPMENT_TEAM = HJHD973MWB;
				GENERATE_INFOPLIST_FILE = YES;
				INFOPLIST_FILE = "Netflix Clone/Info.plist";
				INFOPLIST_KEY_UIApplicationSupportsIndirectInputEvents = YES;
				INFOPLIST_KEY_UILaunchStoryboardName = LaunchScreen;
				INFOPLIST_KEY_UISupportedInterfaceOrientations_iPad = "UIInterfaceOrientationPortrait UIInterfaceOrientationPortraitUpsideDown UIInterfaceOrientationLandscapeLeft UIInterfaceOrientationLandscapeRight";
				INFOPLIST_KEY_UISupportedInterfaceOrientations_iPhone = "UIInterfaceOrientationPortrait UIInterfaceOrientationLandscapeLeft UIInterfaceOrientationLandscapeRight";
				LD_RUNPATH_SEARCH_PATHS = (
					"$(inherited)",
					"@executable_path/Frameworks",
				);
				MARKETING_VERSION = 1.0;
				PRODUCT_BUNDLE_IDENTIFIER = "com.MehmetAliEr.Netflix-Clone";
				PRODUCT_NAME = "$(TARGET_NAME)";
				SWIFT_EMIT_LOC_STRINGS = YES;
				SWIFT_VERSION = 5.0;
				TARGETED_DEVICE_FAMILY = "1,2";
			};
			name = Release;
		};
/* End XCBuildConfiguration section */

/* Begin XCConfigurationList section */
		6430E5402B2E3BB30022ABFB /* Build configuration list for PBXProject "Netflix Clone" */ = {
			isa = XCConfigurationList;
			buildConfigurations = (
				6430E5572B2E3BB40022ABFB /* Debug */,
				6430E5582B2E3BB40022ABFB /* Release */,
			);
			defaultConfigurationIsVisible = 0;
			defaultConfigurationName = Release;
		};
		6430E5592B2E3BB40022ABFB /* Build configuration list for PBXNativeTarget "Netflix Clone" */ = {
			isa = XCConfigurationList;
			buildConfigurations = (
				6430E55A2B2E3BB40022ABFB /* Debug */,
				6430E55B2B2E3BB40022ABFB /* Release */,
			);
			defaultConfigurationIsVisible = 0;
			defaultConfigurationName = Release;
		};
/* End XCConfigurationList section */

/* Begin XCRemoteSwiftPackageReference section */
		64A9AB522B3FFB2E00E5A597 /* XCRemoteSwiftPackageReference "SDWebImage" */ = {
			isa = XCRemoteSwiftPackageReference;
			repositoryURL = "https://github.com/SDWebImage/SDWebImage.git";
			requirement = {
				kind = upToNextMajorVersion;
				minimumVersion = 5.0.0;
			};
		};
/* End XCRemoteSwiftPackageReference section */

/* Begin XCSwiftPackageProductDependency section */
		64A9AB532B3FFB2E00E5A597 /* SDWebImage */ = {
			isa = XCSwiftPackageProductDependency;
			package = 64A9AB522B3FFB2E00E5A597 /* XCRemoteSwiftPackageReference "SDWebImage" */;
			productName = SDWebImage;
		};
/* End XCSwiftPackageProductDependency section */
	};
	rootObject = 6430E53D2B2E3BB30022ABFB /* Project object */;
}
